// !$*UTF8*$!
{
	archiveVersion = 1;
	classes = {
	};
	objectVersion = 46;
	objects = {

/* Begin PBXBuildFile section */
		D1303B8B13DBBEBA002B2239 /* README.md in Resources */ = {isa = PBXBuildFile; fileRef = D1303B8A13DBBEBA002B2239 /* README.md */; };
		D181F28913DB23A600B67DAB /* UIKit.framework in Frameworks */ = {isa = PBXBuildFile; fileRef = D181F28813DB23A600B67DAB /* UIKit.framework */; };
		D181F28B13DB23A600B67DAB /* Foundation.framework in Frameworks */ = {isa = PBXBuildFile; fileRef = D181F28A13DB23A600B67DAB /* Foundation.framework */; };
		D181F28D13DB23A600B67DAB /* CoreGraphics.framework in Frameworks */ = {isa = PBXBuildFile; fileRef = D181F28C13DB23A600B67DAB /* CoreGraphics.framework */; };
		D181F29313DB23A600B67DAB /* InfoPlist.strings in Resources */ = {isa = PBXBuildFile; fileRef = D181F29113DB23A600B67DAB /* InfoPlist.strings */; };
		D181F29513DB23A600B67DAB /* main.m in Sources */ = {isa = PBXBuildFile; fileRef = D181F29413DB23A600B67DAB /* main.m */; };
		D181F29913DB23A600B67DAB /* EmojiKeyboardAppDelegate.m in Sources */ = {isa = PBXBuildFile; fileRef = D181F29813DB23A600B67DAB /* EmojiKeyboardAppDelegate.m */; };
		D181F29C13DB23A600B67DAB /* MainWindow.xib in Resources */ = {isa = PBXBuildFile; fileRef = D181F29A13DB23A600B67DAB /* MainWindow.xib */; };
		D181F2A413DB23E200B67DAB /* EmojiKeyboardViewController.m in Sources */ = {isa = PBXBuildFile; fileRef = D181F2A313DB23E200B67DAB /* EmojiKeyboardViewController.m */; };
		D1FF756213DB9A7E0035B0CF /* 01.gif in Resources */ = {isa = PBXBuildFile; fileRef = D1FF756113DB9A7E0035B0CF /* 01.gif */; };
		D1FF756413DB9AAC0035B0CF /* 02.gif in Resources */ = {isa = PBXBuildFile; fileRef = D1FF756313DB9AAC0035B0CF /* 02.gif */; };
		D1FF756613DB9AC20035B0CF /* 03.gif in Resources */ = {isa = PBXBuildFile; fileRef = D1FF756513DB9AC20035B0CF /* 03.gif */; };
		D1FF756813DB9AD60035B0CF /* 04.gif in Resources */ = {isa = PBXBuildFile; fileRef = D1FF756713DB9AD60035B0CF /* 04.gif */; };
		D1FF756A13DB9AED0035B0CF /* 05.gif in Resources */ = {isa = PBXBuildFile; fileRef = D1FF756913DB9AED0035B0CF /* 05.gif */; };
		D1FF756C13DB9B010035B0CF /* 06.gif in Resources */ = {isa = PBXBuildFile; fileRef = D1FF756B13DB9B010035B0CF /* 06.gif */; };
		D1FF756E13DB9B130035B0CF /* 07.gif in Resources */ = {isa = PBXBuildFile; fileRef = D1FF756D13DB9B130035B0CF /* 07.gif */; };
		D1FF757013DB9B240035B0CF /* 08.gif in Resources */ = {isa = PBXBuildFile; fileRef = D1FF756F13DB9B240035B0CF /* 08.gif */; };
		D1FF757213DB9B370035B0CF /* 09.gif in Resources */ = {isa = PBXBuildFile; fileRef = D1FF757113DB9B370035B0CF /* 09.gif */; };
		D1FF757413DB9B480035B0CF /* 10.gif in Resources */ = {isa = PBXBuildFile; fileRef = D1FF757313DB9B480035B0CF /* 10.gif */; };
		D1FF757613DB9B5A0035B0CF /* 11.gif in Resources */ = {isa = PBXBuildFile; fileRef = D1FF757513DB9B5A0035B0CF /* 11.gif */; };
		D1FF757813DB9B6E0035B0CF /* 12.gif in Resources */ = {isa = PBXBuildFile; fileRef = D1FF757713DB9B6E0035B0CF /* 12.gif */; };
		D1FF757A13DB9B9A0035B0CF /* 13.gif in Resources */ = {isa = PBXBuildFile; fileRef = D1FF757913DB9B9A0035B0CF /* 13.gif */; };
		D1FF757C13DB9BC50035B0CF /* 14.gif in Resources */ = {isa = PBXBuildFile; fileRef = D1FF757B13DB9BC50035B0CF /* 14.gif */; };
		D1FF757E13DB9BD40035B0CF /* 15.gif in Resources */ = {isa = PBXBuildFile; fileRef = D1FF757D13DB9BD30035B0CF /* 15.gif */; };
		D1FF758013DBB3ED0035B0CF /* QuartzCore.framework in Frameworks */ = {isa = PBXBuildFile; fileRef = D1FF757F13DBB3ED0035B0CF /* QuartzCore.framework */; };
/* End PBXBuildFile section */

/* Begin PBXFileReference section */
		D1303B8A13DBBEBA002B2239 /* README.md */ = {isa = PBXFileReference; fileEncoding = 4; lastKnownFileType = text; path = README.md; sourceTree = "<group>"; };
		D181F28413DB23A600B67DAB /* EmojiKeyboard.app */ = {isa = PBXFileReference; explicitFileType = wrapper.application; includeInIndex = 0; path = EmojiKeyboard.app; sourceTree = BUILT_PRODUCTS_DIR; };
		D181F28813DB23A600B67DAB /* UIKit.framework */ = {isa = PBXFileReference; lastKnownFileType = wrapper.framework; name = UIKit.framework; path = System/Library/Frameworks/UIKit.framework; sourceTree = SDKROOT; };
		D181F28A13DB23A600B67DAB /* Foundation.framework */ = {isa = PBXFileReference; lastKnownFileType = wrapper.framework; name = Foundation.framework; path = System/Library/Frameworks/Foundation.framework; sourceTree = SDKROOT; };
		D181F28C13DB23A600B67DAB /* CoreGraphics.framework */ = {isa = PBXFileReference; lastKnownFileType = wrapper.framework; name = CoreGraphics.framework; path = System/Library/Frameworks/CoreGraphics.framework; sourceTree = SDKROOT; };
		D181F29013DB23A600B67DAB /* EmojiKeyboard-Info.plist */ = {isa = PBXFileReference; lastKnownFileType = text.plist.xml; path = "EmojiKeyboard-Info.plist"; sourceTree = "<group>"; };
		D181F29213DB23A600B67DAB /* en */ = {isa = PBXFileReference; lastKnownFileType = text.plist.strings; name = en; path = en.lproj/InfoPlist.strings; sourceTree = "<group>"; };
		D181F29413DB23A600B67DAB /* main.m */ = {isa = PBXFileReference; lastKnownFileType = sourcecode.c.objc; path = main.m; sourceTree = "<group>"; };
		D181F29613DB23A600B67DAB /* EmojiKeyboard-Prefix.pch */ = {isa = PBXFileReference; lastKnownFileType = sourcecode.c.h; path = "EmojiKeyboard-Prefix.pch"; sourceTree = "<group>"; };
		D181F29713DB23A600B67DAB /* EmojiKeyboardAppDelegate.h */ = {isa = PBXFileReference; lastKnownFileType = sourcecode.c.h; path = EmojiKeyboardAppDelegate.h; sourceTree = "<group>"; };
		D181F29813DB23A600B67DAB /* EmojiKeyboardAppDelegate.m */ = {isa = PBXFileReference; lastKnownFileType = sourcecode.c.objc; path = EmojiKeyboardAppDelegate.m; sourceTree = "<group>"; };
		D181F29B13DB23A600B67DAB /* en */ = {isa = PBXFileReference; lastKnownFileType = file.xib; name = en; path = en.lproj/MainWindow.xib; sourceTree = "<group>"; };
		D181F2A213DB23E200B67DAB /* EmojiKeyboardViewController.h */ = {isa = PBXFileReference; fileEncoding = 4; lastKnownFileType = sourcecode.c.h; path = EmojiKeyboardViewController.h; sourceTree = "<group>"; };
		D181F2A313DB23E200B67DAB /* EmojiKeyboardViewController.m */ = {isa = PBXFileReference; fileEncoding = 4; lastKnownFileType = sourcecode.c.objc; path = EmojiKeyboardViewController.m; sourceTree = "<group>"; };
		D1FF756113DB9A7E0035B0CF /* 01.gif */ = {isa = PBXFileReference; lastKnownFileType = image.gif; path = 01.gif; sourceTree = "<group>"; };
		D1FF756313DB9AAC0035B0CF /* 02.gif */ = {isa = PBXFileReference; lastKnownFileType = image.gif; path = 02.gif; sourceTree = "<group>"; };
		D1FF756513DB9AC20035B0CF /* 03.gif */ = {isa = PBXFileReference; lastKnownFileType = image.gif; path = 03.gif; sourceTree = "<group>"; };
		D1FF756713DB9AD60035B0CF /* 04.gif */ = {isa = PBXFileReference; lastKnownFileType = image.gif; path = 04.gif; sourceTree = "<group>"; };
		D1FF756913DB9AED0035B0CF /* 05.gif */ = {isa = PBXFileReference; lastKnownFileType = image.gif; path = 05.gif; sourceTree = "<group>"; };
		D1FF756B13DB9B010035B0CF /* 06.gif */ = {isa = PBXFileReference; lastKnownFileType = image.gif; path = 06.gif; sourceTree = "<group>"; };
		D1FF756D13DB9B130035B0CF /* 07.gif */ = {isa = PBXFileReference; lastKnownFileType = image.gif; path = 07.gif; sourceTree = "<group>"; };
		D1FF756F13DB9B240035B0CF /* 08.gif */ = {isa = PBXFileReference; lastKnownFileType = image.gif; path = 08.gif; sourceTree = "<group>"; };
		D1FF757113DB9B370035B0CF /* 09.gif */ = {isa = PBXFileReference; lastKnownFileType = image.gif; path = 09.gif; sourceTree = "<group>"; };
		D1FF757313DB9B480035B0CF /* 10.gif */ = {isa = PBXFileReference; lastKnownFileType = image.gif; path = 10.gif; sourceTree = "<group>"; };
		D1FF757513DB9B5A0035B0CF /* 11.gif */ = {isa = PBXFileReference; lastKnownFileType = image.gif; path = 11.gif; sourceTree = "<group>"; };
		D1FF757713DB9B6E0035B0CF /* 12.gif */ = {isa = PBXFileReference; lastKnownFileType = image.gif; path = 12.gif; sourceTree = "<group>"; };
		D1FF757913DB9B9A0035B0CF /* 13.gif */ = {isa = PBXFileReference; lastKnownFileType = image.gif; path = 13.gif; sourceTree = "<group>"; };
		D1FF757B13DB9BC50035B0CF /* 14.gif */ = {isa = PBXFileReference; lastKnownFileType = image.gif; path = 14.gif; sourceTree = "<group>"; };
		D1FF757D13DB9BD30035B0CF /* 15.gif */ = {isa = PBXFileReference; lastKnownFileType = image.gif; path = 15.gif; sourceTree = "<group>"; };
		D1FF757F13DBB3ED0035B0CF /* QuartzCore.framework */ = {isa = PBXFileReference; lastKnownFileType = wrapper.framework; name = QuartzCore.framework; path = System/Library/Frameworks/QuartzCore.framework; sourceTree = SDKROOT; };
/* End PBXFileReference section */

/* Begin PBXFrameworksBuildPhase section */
		D181F28113DB23A600B67DAB /* Frameworks */ = {
			isa = PBXFrameworksBuildPhase;
			buildActionMask = 2147483647;
			files = (
				D1FF758013DBB3ED0035B0CF /* QuartzCore.framework in Frameworks */,
				D181F28913DB23A600B67DAB /* UIKit.framework in Frameworks */,
				D181F28B13DB23A600B67DAB /* Foundation.framework in Frameworks */,
				D181F28D13DB23A600B67DAB /* CoreGraphics.framework in Frameworks */,
			);
			runOnlyForDeploymentPostprocessing = 0;
		};
/* End PBXFrameworksBuildPhase section */

/* Begin PBXGroup section */
		D181F27913DB23A600B67DAB = {
			isa = PBXGroup;
			children = (
				D1303B8A13DBBEBA002B2239 /* README.md */,
				D181F28E13DB23A600B67DAB /* EmojiKeyboard */,
				D181F28713DB23A600B67DAB /* Frameworks */,
				D181F28513DB23A600B67DAB /* Products */,
			);
			sourceTree = "<group>";
		};
		D181F28513DB23A600B67DAB /* Products */ = {
			isa = PBXGroup;
			children = (
				D181F28413DB23A600B67DAB /* EmojiKeyboard.app */,
			);
			name = Products;
			sourceTree = "<group>";
		};
		D181F28713DB23A600B67DAB /* Frameworks */ = {
			isa = PBXGroup;
			children = (
				D1FF757F13DBB3ED0035B0CF /* QuartzCore.framework */,
				D181F28813DB23A600B67DAB /* UIKit.framework */,
				D181F28A13DB23A600B67DAB /* Foundation.framework */,
				D181F28C13DB23A600B67DAB /* CoreGraphics.framework */,
			);
			name = Frameworks;
			sourceTree = "<group>";
		};
		D181F28E13DB23A600B67DAB /* EmojiKeyboard */ = {
			isa = PBXGroup;
			children = (
				D181F29713DB23A600B67DAB /* EmojiKeyboardAppDelegate.h */,
				D181F29813DB23A600B67DAB /* EmojiKeyboardAppDelegate.m */,
				D181F2A213DB23E200B67DAB /* EmojiKeyboardViewController.h */,
				D181F2A313DB23E200B67DAB /* EmojiKeyboardViewController.m */,
				D181F29A13DB23A600B67DAB /* MainWindow.xib */,
				D181F28F13DB23A600B67DAB /* Supporting Files */,
			);
			path = EmojiKeyboard;
			sourceTree = "<group>";
		};
		D181F28F13DB23A600B67DAB /* Supporting Files */ = {
			isa = PBXGroup;
			children = (
				D1FF755F13DB9A070035B0CF /* Emoticons */,
				D181F29013DB23A600B67DAB /* EmojiKeyboard-Info.plist */,
				D181F29113DB23A600B67DAB /* InfoPlist.strings */,
				D181F29413DB23A600B67DAB /* main.m */,
				D181F29613DB23A600B67DAB /* EmojiKeyboard-Prefix.pch */,
			);
			name = "Supporting Files";
			sourceTree = "<group>";
		};
		D1FF755F13DB9A070035B0CF /* Emoticons */ = {
			isa = PBXGroup;
			children = (
				D1FF757D13DB9BD30035B0CF /* 15.gif */,
				D1FF757B13DB9BC50035B0CF /* 14.gif */,
				D1FF757913DB9B9A0035B0CF /* 13.gif */,
				D1FF757713DB9B6E0035B0CF /* 12.gif */,
				D1FF757513DB9B5A0035B0CF /* 11.gif */,
				D1FF757313DB9B480035B0CF /* 10.gif */,
				D1FF757113DB9B370035B0CF /* 09.gif */,
				D1FF756F13DB9B240035B0CF /* 08.gif */,
				D1FF756D13DB9B130035B0CF /* 07.gif */,
				D1FF756B13DB9B010035B0CF /* 06.gif */,
				D1FF756913DB9AED0035B0CF /* 05.gif */,
				D1FF756713DB9AD60035B0CF /* 04.gif */,
				D1FF756513DB9AC20035B0CF /* 03.gif */,
				D1FF756313DB9AAC0035B0CF /* 02.gif */,
				D1FF756113DB9A7E0035B0CF /* 01.gif */,
			);
			name = Emoticons;
			sourceTree = "<group>";
		};
/* End PBXGroup section */

/* Begin PBXNativeTarget section */
		D181F28313DB23A600B67DAB /* EmojiKeyboard */ = {
			isa = PBXNativeTarget;
			buildConfigurationList = D181F29F13DB23A600B67DAB /* Build configuration list for PBXNativeTarget "EmojiKeyboard" */;
			buildPhases = (
				D181F28013DB23A600B67DAB /* Sources */,
				D181F28113DB23A600B67DAB /* Frameworks */,
				D181F28213DB23A600B67DAB /* Resources */,
			);
			buildRules = (
			);
			dependencies = (
			);
			name = EmojiKeyboard;
			productName = EmojiKeyboard;
			productReference = D181F28413DB23A600B67DAB /* EmojiKeyboard.app */;
			productType = "com.apple.product-type.application";
		};
/* End PBXNativeTarget section */

/* Begin PBXProject section */
		D181F27B13DB23A600B67DAB /* Project object */ = {
			isa = PBXProject;
			buildConfigurationList = D181F27E13DB23A600B67DAB /* Build configuration list for PBXProject "EmojiKeyboard" */;
			compatibilityVersion = "Xcode 3.2";
			developmentRegion = English;
			hasScannedForEncodings = 0;
			knownRegions = (
				en,
			);
			mainGroup = D181F27913DB23A600B67DAB;
			productRefGroup = D181F28513DB23A600B67DAB /* Products */;
			projectDirPath = "";
			projectRoot = "";
			targets = (
				D181F28313DB23A600B67DAB /* EmojiKeyboard */,
			);
		};
/* End PBXProject section */

/* Begin PBXResourcesBuildPhase section */
		D181F28213DB23A600B67DAB /* Resources */ = {
			isa = PBXResourcesBuildPhase;
			buildActionMask = 2147483647;
			files = (
				D181F29313DB23A600B67DAB /* InfoPlist.strings in Resources */,
				D181F29C13DB23A600B67DAB /* MainWindow.xib in Resources */,
				D1FF756213DB9A7E0035B0CF /* 01.gif in Resources */,
				D1FF756413DB9AAC0035B0CF /* 02.gif in Resources */,
				D1FF756613DB9AC20035B0CF /* 03.gif in Resources */,
				D1FF756813DB9AD60035B0CF /* 04.gif in Resources */,
				D1FF756A13DB9AED0035B0CF /* 05.gif in Resources */,
				D1FF756C13DB9B010035B0CF /* 06.gif in Resources */,
				D1FF756E13DB9B130035B0CF /* 07.gif in Resources */,
				D1FF757013DB9B240035B0CF /* 08.gif in Resources */,
				D1FF757213DB9B370035B0CF /* 09.gif in Resources */,
				D1FF757413DB9B480035B0CF /* 10.gif in Resources */,
				D1FF757613DB9B5A0035B0CF /* 11.gif in Resources */,
				D1FF757813DB9B6E0035B0CF /* 12.gif in Resources */,
				D1FF757A13DB9B9A0035B0CF /* 13.gif in Resources */,
				D1FF757C13DB9BC50035B0CF /* 14.gif in Resources */,
				D1FF757E13DB9BD40035B0CF /* 15.gif in Resources */,
				D1303B8B13DBBEBA002B2239 /* README.md in Resources */,
			);
			runOnlyForDeploymentPostprocessing = 0;
		};
/* End PBXResourcesBuildPhase section */

/* Begin PBXSourcesBuildPhase section */
		D181F28013DB23A600B67DAB /* Sources */ = {
			isa = PBXSourcesBuildPhase;
			buildActionMask = 2147483647;
			files = (
				D181F29513DB23A600B67DAB /* main.m in Sources */,
				D181F29913DB23A600B67DAB /* EmojiKeyboardAppDelegate.m in Sources */,
				D181F2A413DB23E200B67DAB /* EmojiKeyboardViewController.m in Sources */,
			);
			runOnlyForDeploymentPostprocessing = 0;
		};
/* End PBXSourcesBuildPhase section */

/* Begin PBXVariantGroup section */
		D181F29113DB23A600B67DAB /* InfoPlist.strings */ = {
			isa = PBXVariantGroup;
			children = (
				D181F29213DB23A600B67DAB /* en */,
			);
			name = InfoPlist.strings;
			sourceTree = "<group>";
		};
		D181F29A13DB23A600B67DAB /* MainWindow.xib */ = {
			isa = PBXVariantGroup;
			children = (
				D181F29B13DB23A600B67DAB /* en */,
			);
			name = MainWindow.xib;
			sourceTree = "<group>";
		};
/* End PBXVariantGroup section */

/* Begin XCBuildConfiguration section */
		D181F29D13DB23A600B67DAB /* Debug */ = {
			isa = XCBuildConfiguration;
			buildSettings = {
				ALWAYS_SEARCH_USER_PATHS = NO;
				ARCHS = "$(ARCHS_UNIVERSAL_IPHONE_OS)";
				"CODE_SIGN_IDENTITY[sdk=iphoneos*]" = "iPhone Developer";
				COPY_PHASE_STRIP = NO;
				GCC_C_LANGUAGE_STANDARD = gnu99;
				GCC_DYNAMIC_NO_PIC = NO;
				GCC_OPTIMIZATION_LEVEL = 0;
				GCC_PREPROCESSOR_DEFINITIONS = (
					"DEBUG=1",
					"$(inherited)",
				);
				GCC_SYMBOLS_PRIVATE_EXTERN = NO;
				GCC_VERSION = com.apple.compilers.llvmgcc42;
				GCC_WARN_ABOUT_MISSING_PROTOTYPES = YES;
				GCC_WARN_ABOUT_RETURN_TYPE = YES;
				GCC_WARN_UNUSED_VARIABLE = YES;
				IPHONEOS_DEPLOYMENT_TARGET = 4.3;
				SDKROOT = iphoneos;
				TARGETED_DEVICE_FAMILY = 2;
			};
			name = Debug;
		};
		D181F29E13DB23A600B67DAB /* Release */ = {
			isa = XCBuildConfiguration;
			buildSettings = {
				ALWAYS_SEARCH_USER_PATHS = NO;
				ARCHS = "$(ARCHS_UNIVERSAL_IPHONE_OS)";
				"CODE_SIGN_IDENTITY[sdk=iphoneos*]" = "iPhone Developer";
				COPY_PHASE_STRIP = YES;
				GCC_C_LANGUAGE_STANDARD = gnu99;
				GCC_VERSION = com.apple.compilers.llvmgcc42;
				GCC_WARN_ABOUT_MISSING_PROTOTYPES = YES;
				GCC_WARN_ABOUT_RETURN_TYPE = YES;
				GCC_WARN_UNUSED_VARIABLE = YES;
				IPHONEOS_DEPLOYMENT_TARGET = 4.3;
				OTHER_CFLAGS = "-DNS_BLOCK_ASSERTIONS=1";
				SDKROOT = iphoneos;
				TARGETED_DEVICE_FAMILY = 2;
				VALIDATE_PRODUCT = YES;
			};
			name = Release;
		};
		D181F2A013DB23A600B67DAB /* Debug */ = {
			isa = XCBuildConfiguration;
			buildSettings = {
				GCC_PRECOMPILE_PREFIX_HEADER = YES;
				GCC_PREFIX_HEADER = "EmojiKeyboard/EmojiKeyboard-Prefix.pch";
				INFOPLIST_FILE = "EmojiKeyboard/EmojiKeyboard-Info.plist";
				PRODUCT_NAME = "$(TARGET_NAME)";
				WRAPPER_EXTENSION = app;
			};
			name = Debug;
		};
		D181F2A113DB23A600B67DAB /* Release */ = {
			isa = XCBuildConfiguration;
			buildSettings = {
				GCC_PRECOMPILE_PREFIX_HEADER = YES;
				GCC_PREFIX_HEADER = "EmojiKeyboard/EmojiKeyboard-Prefix.pch";
				INFOPLIST_FILE = "EmojiKeyboard/EmojiKeyboard-Info.plist";
				PRODUCT_NAME = "$(TARGET_NAME)";
				WRAPPER_EXTENSION = app;
			};
			name = Release;
		};
/* End XCBuildConfiguration section */

/* Begin XCConfigurationList section */
		D181F27E13DB23A600B67DAB /* Build configuration list for PBXProject "EmojiKeyboard" */ = {
			isa = XCConfigurationList;
			buildConfigurations = (
				D181F29D13DB23A600B67DAB /* Debug */,
				D181F29E13DB23A600B67DAB /* Release */,
			);
			defaultConfigurationIsVisible = 0;
			defaultConfigurationName = Release;
		};
		D181F29F13DB23A600B67DAB /* Build configuration list for PBXNativeTarget "EmojiKeyboard" */ = {
			isa = XCConfigurationList;
			buildConfigurations = (
				D181F2A013DB23A600B67DAB /* Debug */,
				D181F2A113DB23A600B67DAB /* Release */,
			);
			defaultConfigurationIsVisible = 0;
			defaultConfigurationName = Release;
		};
/* End XCConfigurationList section */
	};
	rootObject = D181F27B13DB23A600B67DAB /* Project object */;
}
